lockfileVersion: '9.0'

settings:
  autoInstallPeers: true
  excludeLinksFromLockfile: false

importers:

  .:
    devDependencies:
      '@async/pipeline':
        specifier: 0.9.35
        version: 0.9.35
      '@types/node':
        specifier: 24.12.4
        version: 24.12.4
      typescript:
        specifier: 6.0.3
        version: 6.0.3

packages:

  '@async/pipeline@0.9.35':
    resolution: {integrity: sha512-xqrc9FcHwQ34hYycH/FEL3xwpEZgTmrgrveLCcYEQNfTxOjDt5AesqcdW7x/j/zmOgMDg4iqydl3JQ7qUZN2TA==}
    engines: {node: '>=24'}
    hasBin: true

  '@types/node@24.12.4':
    resolution: {integrity: sha512-GUUEShf+PBCGW2KaXwcIt3Yk+e3pkKwWKb9GSyM9WQVE+ep2jzmHdGsHzu4wgcZy5fN9FBdVzjpBQsYlpfpgLA==}

  typescript@6.0.3:
    resolution: {integrity: sha512-y2TvuxSZPDyQakkFRPZHKFm+KKVqIisdg9/CZwm9ftvKXLP8NRWj38/ODjNbr43SsoXqNuAisEf1GdCxqWcdBw==}
    engines: {node: '>=14.17'}
    hasBin: true

  undici-types@7.16.0:
    resolution: {integrity: sha512-Zz+aZWSj8LE6zoxD+xrjh4VfkIG8Ya6LvYkZqtUQGJPZjYl53ypCaUwWqo7eI0x66KBGeRo+mlBEkMSeSZ38Nw==}

snapshots:

  '@async/pipeline@0.9.35': {}

  '@types/node@24.12.4':
    dependencies:
      undici-types: 7.16.0

  typescript@6.0.3: {}

  undici-types@7.16.0: {}
